
Microsoft Visual Studio Solution File, Format Version 12.00
# Visual Studio Version 17
VisualStudioVersion = 17.9.34622.214
MinimumVisualStudioVersion = 10.0.40219.1
Project("{FAE04EC0-301F-11D3-BF4B-00C04F79EFBC}") = "CRUDReactMVC.Server", "CRUDReactMVC.Server\CRUDReactMVC.Server.csproj", "{01020812-10D3-4885-9943-E889321ED8CC}"
EndProject
Project("{54A90642-561A-4BB1-A94E-469ADEE60C69}") = "crudreactmvc.client", "crudreactmvc.client\crudreactmvc.client.esproj", "{9007D047-7A6C-4538-B048-2978C9FF892C}"
EndProject
Global
	GlobalSection(SolutionConfigurationPlatforms) = preSolution
		Debug|Any CPU = Debug|Any CPU
		Release|Any CPU = Release|Any CPU
	EndGlobalSection
	GlobalSection(ProjectConfigurationPlatforms) = postSolution
		{01020812-10D3-4885-9943-E889321ED8CC}.Debug|Any CPU.ActiveCfg = Debug|Any CPU
		{01020812-10D3-4885-9943-E889321ED8CC}.Debug|Any CPU.Build.0 = Debug|Any CPU
		{01020812-10D3-4885-9943-E889321ED8CC}.Release|Any CPU.ActiveCfg = Release|Any CPU
		{01020812-10D3-4885-9943-E889321ED8CC}.Release|Any CPU.Build.0 = Release|Any CPU
		{9007D047-7A6C-4538-B048-2978C9FF892C}.Debug|Any CPU.ActiveCfg = Debug|Any CPU
		{9007D047-7A6C-4538-B048-2978C9FF892C}.Debug|Any CPU.Build.0 = Debug|Any CPU
		{9007D047-7A6C-4538-B048-2978C9FF892C}.Debug|Any CPU.Deploy.0 = Debug|Any CPU
		{9007D047-7A6C-4538-B048-2978C9FF892C}.Release|Any CPU.ActiveCfg = Release|Any CPU
		{9007D047-7A6C-4538-B048-2978C9FF892C}.Release|Any CPU.Build.0 = Release|Any CPU
		{9007D047-7A6C-4538-B048-2978C9FF892C}.Release|Any CPU.Deploy.0 = Release|Any CPU
	EndGlobalSection
	GlobalSection(SolutionProperties) = preSolution
		HideSolutionNode = FALSE
	EndGlobalSection
	GlobalSection(ExtensibilityGlobals) = postSolution
		SolutionGuid = {534A5966-784F-4E74-8373-76513BC4CC82}
	EndGlobalSection
EndGlobal
